
Microsoft Visual Studio Solution File, Format Version 12.00
# Visual Studio Version 17
VisualStudioVersion = 17.2.32602.215
MinimumVisualStudioVersion = 10.0.40219.1
Project("{9A19103F-16F7-4668-BE54-9A1E7A4F7556}") = "ZoneTree", "ZoneTree\ZoneTree.csproj", "{9CABA516-9750-41E0-93E3-653EFE17FBB7}"
EndProject
Project("{9A19103F-16F7-4668-BE54-9A1E7A4F7556}") = "ZoneTree.UnitTests", "ZoneTree.UnitTests\ZoneTree.UnitTests.csproj", "{98874D20-D598-4D76-BF18-5AEFD7A8821E}"
EndProject
Project("{9A19103F-16F7-4668-BE54-9A1E7A4F7556}") = "Playground", "Playground\Playground.csproj", "{12DECC58-574A-4F52-BBA1-6498910E8F36}"
EndProject
Project("{FAE04EC0-301F-11D3-BF4B-00C04F79EFBC}") = "Tenray.LZ4", "Tenray.LZ4\Tenray.LZ4.csproj", "{B2BE2931-0055-4046-BC04-7B3EFBBCB3A1}"
EndProject
Global
	GlobalSection(SolutionConfigurationPlatforms) = preSolution
		Debug|Any CPU = Debug|Any CPU
		Release|Any CPU = Release|Any CPU
		ReleaseWithDoc|Any CPU = ReleaseWithDoc|Any CPU
	EndGlobalSection
	GlobalSection(ProjectConfigurationPlatforms) = postSolution
		{9CABA516-9750-41E0-93E3-653EFE17FBB7}.Debug|Any CPU.ActiveCfg = Debug|Any CPU
		{9CABA516-9750-41E0-93E3-653EFE17FBB7}.Debug|Any CPU.Build.0 = Debug|Any CPU
		{9CABA516-9750-41E0-93E3-653EFE17FBB7}.Release|Any CPU.ActiveCfg = Release|Any CPU
		{9CABA516-9750-41E0-93E3-653EFE17FBB7}.Release|Any CPU.Build.0 = Release|Any CPU
		{9CABA516-9750-41E0-93E3-653EFE17FBB7}.ReleaseWithDoc|Any CPU.ActiveCfg = ReleaseWithDoc|Any CPU
		{9CABA516-9750-41E0-93E3-653EFE17FBB7}.ReleaseWithDoc|Any CPU.Build.0 = ReleaseWithDoc|Any CPU
		{98874D20-D598-4D76-BF18-5AEFD7A8821E}.Debug|Any CPU.ActiveCfg = Debug|Any CPU
		{98874D20-D598-4D76-BF18-5AEFD7A8821E}.Debug|Any CPU.Build.0 = Debug|Any CPU
		{98874D20-D598-4D76-BF18-5AEFD7A8821E}.Release|Any CPU.ActiveCfg = Release|Any CPU
		{98874D20-D598-4D76-BF18-5AEFD7A8821E}.Release|Any CPU.Build.0 = Release|Any CPU
		{98874D20-D598-4D76-BF18-5AEFD7A8821E}.ReleaseWithDoc|Any CPU.ActiveCfg = ReleaseWithDoc|Any CPU
		{98874D20-D598-4D76-BF18-5AEFD7A8821E}.ReleaseWithDoc|Any CPU.Build.0 = ReleaseWithDoc|Any CPU
		{12DECC58-574A-4F52-BBA1-6498910E8F36}.Debug|Any CPU.ActiveCfg = Debug|Any CPU
		{12DECC58-574A-4F52-BBA1-6498910E8F36}.Debug|Any CPU.Build.0 = Debug|Any CPU
		{12DECC58-574A-4F52-BBA1-6498910E8F36}.Release|Any CPU.ActiveCfg = Release|Any CPU
		{12DECC58-574A-4F52-BBA1-6498910E8F36}.Release|Any CPU.Build.0 = Release|Any CPU
		{12DECC58-574A-4F52-BBA1-6498910E8F36}.ReleaseWithDoc|Any CPU.ActiveCfg = ReleaseWithDoc|Any CPU
		{12DECC58-574A-4F52-BBA1-6498910E8F36}.ReleaseWithDoc|Any CPU.Build.0 = ReleaseWithDoc|Any CPU
		{B2BE2931-0055-4046-BC04-7B3EFBBCB3A1}.Debug|Any CPU.ActiveCfg = Debug|Any CPU
		{B2BE2931-0055-4046-BC04-7B3EFBBCB3A1}.Debug|Any CPU.Build.0 = Debug|Any CPU
		{B2BE2931-0055-4046-BC04-7B3EFBBCB3A1}.Release|Any CPU.ActiveCfg = Release|Any CPU
		{B2BE2931-0055-4046-BC04-7B3EFBBCB3A1}.Release|Any CPU.Build.0 = Release|Any CPU
		{B2BE2931-0055-4046-BC04-7B3EFBBCB3A1}.ReleaseWithDoc|Any CPU.ActiveCfg = Release|Any CPU
		{B2BE2931-0055-4046-BC04-7B3EFBBCB3A1}.ReleaseWithDoc|Any CPU.Build.0 = Release|Any CPU
	EndGlobalSection
	GlobalSection(SolutionProperties) = preSolution
		HideSolutionNode = FALSE
	EndGlobalSection
	GlobalSection(ExtensibilityGlobals) = postSolution
		SolutionGuid = {0E7E0EF9-4689-4B15-AC38-1BDE369FEF59}
	EndGlobalSection
EndGlobal
